<Solution>
  <Folder Name="/src/">
    <Project Path="src/Keylegend.App/Keylegend.App.csproj" />
    <Project Path="src/Keylegend.Chroma/Keylegend.Chroma.csproj" />
    <Project Path="src/Keylegend.Core/Keylegend.Core.csproj" />
    <Project Path="src/Keylegend.Engine/Keylegend.Engine.csproj" />
    <Project Path="src/Keylegend.Host/Keylegend.Host.csproj" />
    <Project Path="src/Keylegend.Windows/Keylegend.Windows.csproj" />
  </Folder>
  <Folder Name="/tests/">
    <Project Path="tests/Keylegend.Core.Tests/Keylegend.Core.Tests.csproj" />
  </Folder>
</Solution>
